// !$*UTF8*$!
{
	archiveVersion = 1;
	classes = {
	};
	objectVersion = 51;
	objects = {

/* Begin PBXBuildFile section */
		072A632635114F0B29CD5580 /* Assets.xcassets in Resources */ = {isa = PBXBuildFile; fileRef = A9EA3D0433535A6F24C7EABB /* Assets.xcassets */; };
		114A6A9099ECE0B909CD3AEF /* LaunchScreen.storyboard in Resources */ = {isa = PBXBuildFile; fileRef = C0924C01CCA20EB355F0920D /* LaunchScreen.storyboard */; };
		6F3E0060B6D93AC0F2B8132A /* AppDelegate.swift in Sources */ = {isa = PBXBuildFile; fileRef = 1FD2336C31953E5B08657F7C /* AppDelegate.swift */; };
		D3440BC9DE948AA1A3F6A08C /* SceneDelegate.swift in Sources */ = {isa = PBXBuildFile; fileRef = E6F0D1B41A32158563490D9C /* SceneDelegate.swift */; };
		F50AD9FEC8C8CFDB566249B5 /* ViewController.swift in Sources */ = {isa = PBXBuildFile; fileRef = C7038564617C3BC94D5D2422 /* ViewController.swift */; };
/* End PBXBuildFile section */

/* Begin PBXFileReference section */
		1FD2336C31953E5B08657F7C /* AppDelegate.swift */ = {isa = PBXFileReference; lastKnownFileType = sourcecode.swift; path = AppDelegate.swift; sourceTree = "<group>"; };
		27960D8FAF4E2ECC12382E53 /* Base */ = {isa = PBXFileReference; lastKnownFileType = file.storyboard; name = Base; path = Base.lproj/LaunchScreen.storyboard; sourceTree = "<group>"; };
		5108E196C158313CF9D0E4AC /* PaginationExample.app */ = {isa = PBXFileReference; includeInIndex = 0; lastKnownFileType = wrapper.application; path = PaginationExample.app; sourceTree = BUILT_PRODUCTS_DIR; };
		5C82E0DC6C05AA6B773E98F3 /* Info.plist */ = {isa = PBXFileReference; lastKnownFileType = text.plist; path = Info.plist; sourceTree = "<group>"; };
		A9EA3D0433535A6F24C7EABB /* Assets.xcassets */ = {isa = PBXFileReference; lastKnownFileType = folder.assetcatalog; path = Assets.xcassets; sourceTree = "<group>"; };
		C7038564617C3BC94D5D2422 /* ViewController.swift */ = {isa = PBXFileReference; lastKnownFileType = sourcecode.swift; path = ViewController.swift; sourceTree = "<group>"; };
		E6F0D1B41A32158563490D9C /* SceneDelegate.swift */ = {isa = PBXFileReference; lastKnownFileType = sourcecode.swift; path = SceneDelegate.swift; sourceTree = "<group>"; };
/* End PBXFileReference section */

/* Begin PBXGroup section */
		071EA876FB6A2BD6BB470648 = {
			isa = PBXGroup;
			children = (
				2B5F426488E4465CDA864D3D /* PaginationExample */,
				4FC318BD9D4CC37ED98A55F1 /* Products */,
			);
			sourceTree = "<group>";
		};
		2B5F426488E4465CDA864D3D /* PaginationExample */ = {
			isa = PBXGroup;
			children = (
				9EEA4C1E71F72529DDC38CB3 /* Sources */,
				C9F215E6CE62ABCACEF4494A /* Supporting Files */,
			);
			path = PaginationExample;
			sourceTree = "<group>";
		};
		4FC318BD9D4CC37ED98A55F1 /* Products */ = {
			isa = PBXGroup;
			children = (
				5108E196C158313CF9D0E4AC /* PaginationExample.app */,
			);
			name = Products;
			sourceTree = "<group>";
		};
		9EEA4C1E71F72529DDC38CB3 /* Sources */ = {
			isa = PBXGroup;
			children = (
				C7038564617C3BC94D5D2422 /* ViewController.swift */,
			);
			path = Sources;
			sourceTree = "<group>";
		};
		C9F215E6CE62ABCACEF4494A /* Supporting Files */ = {
			isa = PBXGroup;
			children = (
				1FD2336C31953E5B08657F7C /* AppDelegate.swift */,
				A9EA3D0433535A6F24C7EABB /* Assets.xcassets */,
				5C82E0DC6C05AA6B773E98F3 /* Info.plist */,
				C0924C01CCA20EB355F0920D /* LaunchScreen.storyboard */,
				E6F0D1B41A32158563490D9C /* SceneDelegate.swift */,
			);
			path = "Supporting Files";
			sourceTree = "<group>";
		};
/* End PBXGroup section */

/* Begin PBXNativeTarget section */
		CB8DBB1C3A4ACF21BFCB63DB /* PaginationExample */ = {
			isa = PBXNativeTarget;
			buildConfigurationList = 074CB77A5EA3F29CA751A551 /* Build configuration list for PBXNativeTarget "PaginationExample" */;
			buildPhases = (
				EEF04778A738A36BF2C06B12 /* Sources */,
				8B73D704C288ABB654E525B5 /* Resources */,
			);
			buildRules = (
			);
			dependencies = (
			);
			name = PaginationExample;
			productName = PaginationExample;
			productReference = 5108E196C158313CF9D0E4AC /* PaginationExample.app */;
			productType = "com.apple.product-type.application";
		};
/* End PBXNativeTarget section */

/* Begin PBXProject section */
		45566F733B24556CE294A1BE /* Project object */ = {
			isa = PBXProject;
			attributes = {
				LastUpgradeCheck = 1020;
				TargetAttributes = {
				};
			};
			buildConfigurationList = B07C422652B7703FBFB259DA /* Build configuration list for PBXProject "PaginationExample" */;
			compatibilityVersion = "Xcode 10.0";
			developmentRegion = en;
			hasScannedForEncodings = 0;
			knownRegions = (
				Base,
			);
			mainGroup = 071EA876FB6A2BD6BB470648;
			projectDirPath = "";
			projectRoot = "";
			targets = (
				CB8DBB1C3A4ACF21BFCB63DB /* PaginationExample */,
			);
		};
/* End PBXProject section */

/* Begin PBXResourcesBuildPhase section */
		8B73D704C288ABB654E525B5 /* Resources */ = {
			isa = PBXResourcesBuildPhase;
			buildActionMask = 2147483647;
			files = (
				072A632635114F0B29CD5580 /* Assets.xcassets in Resources */,
				114A6A9099ECE0B909CD3AEF /* LaunchScreen.storyboard in Resources */,
			);
			runOnlyForDeploymentPostprocessing = 0;
		};
/* End PBXResourcesBuildPhase section */

/* Begin PBXSourcesBuildPhase section */
		EEF04778A738A36BF2C06B12 /* Sources */ = {
			isa = PBXSourcesBuildPhase;
			buildActionMask = 2147483647;
			files = (
				6F3E0060B6D93AC0F2B8132A /* AppDelegate.swift in Sources */,
				D3440BC9DE948AA1A3F6A08C /* SceneDelegate.swift in Sources */,
				F50AD9FEC8C8CFDB566249B5 /* ViewController.swift in Sources */,
			);
			runOnlyForDeploymentPostprocessing = 0;
		};
/* End PBXSourcesBuildPhase section */

/* Begin PBXVariantGroup section */
		C0924C01CCA20EB355F0920D /* LaunchScreen.storyboard */ = {
			isa = PBXVariantGroup;
			children = (
				27960D8FAF4E2ECC12382E53 /* Base */,
			);
			name = LaunchScreen.storyboard;
			sourceTree = "<group>";
		};
/* End PBXVariantGroup section */

/* Begin XCBuildConfiguration section */
		2616C8242FADAF3BC3C18324 /* Release */ = {
			isa = XCBuildConfiguration;
			buildSettings = {
				ASSETCATALOG_COMPILER_APPICON_NAME = AppIcon;
				CODE_SIGN_IDENTITY = "iPhone Developer";
				INFOPLIST_FILE = "PaginationExample/Supporting Files/Info.plist";
				LD_RUNPATH_SEARCH_PATHS = (
					"$(inherited)",
					"@executable_path/Frameworks",
				);
				PRODUCT_BUNDLE_IDENTIFIER = com.milkyo.PaginationExample;
				SDKROOT = iphoneos;
				SWIFT_VERSION = 5.2;
				TARGETED_DEVICE_FAMILY = "1,2";
			};
			name = Release;
		};
		91DC91EF4082F9462BFAAF78 /* Release */ = {
			isa = XCBuildConfiguration;
			buildSettings = {
				ALWAYS_SEARCH_USER_PATHS = NO;
				CLANG_ANALYZER_NONNULL = YES;
				CLANG_ANALYZER_NUMBER_OBJECT_CONVERSION = YES_AGGRESSIVE;
				CLANG_CXX_LANGUAGE_STANDARD = "gnu++14";
				CLANG_CXX_LIBRARY = "libc++";
				CLANG_ENABLE_MODULES = YES;
				CLANG_ENABLE_OBJC_ARC = YES;
				CLANG_WARN_BLOCK_CAPTURE_AUTORELEASING = YES;
				CLANG_WARN_BOOL_CONVERSION = YES;
				CLANG_WARN_COMMA = YES;
				CLANG_WARN_CONSTANT_CONVERSION = YES;
				CLANG_WARN_DEPRECATED_OBJC_IMPLEMENTATIONS = YES;
				CLANG_WARN_DIRECT_OBJC_ISA_USAGE = YES_ERROR;
				CLANG_WARN_DOCUMENTATION_COMMENTS = YES;
				CLANG_WARN_EMPTY_BODY = YES;
				CLANG_WARN_ENUM_CONVERSION = YES;
				CLANG_WARN_INFINITE_RECURSION = YES;
				CLANG_WARN_INT_CONVERSION = YES;
				CLANG_WARN_NON_LITERAL_NULL_CONVERSION = YES;
				CLANG_WARN_OBJC_IMPLICIT_RETAIN_SELF = YES;
				CLANG_WARN_OBJC_LITERAL_CONVERSION = YES;
				CLANG_WARN_OBJC_ROOT_CLASS = YES_ERROR;
				CLANG_WARN_RANGE_LOOP_ANALYSIS = YES;
				CLANG_WARN_STRICT_PROTOTYPES = YES;
				CLANG_WARN_SUSPICIOUS_MOVE = YES;
				CLANG_WARN_UNGUARDED_AVAILABILITY = YES_AGGRESSIVE;
				CLANG_WARN_UNREACHABLE_CODE = YES;
				CLANG_WARN__DUPLICATE_METHOD_MATCH = YES;
				COPY_PHASE_STRIP = NO;
				DEBUG_INFORMATION_FORMAT = "dwarf-with-dsym";
				ENABLE_NS_ASSERTIONS = NO;
				ENABLE_STRICT_OBJC_MSGSEND = YES;
				GCC_C_LANGUAGE_STANDARD = gnu11;
				GCC_NO_COMMON_BLOCKS = YES;
				GCC_WARN_64_TO_32_BIT_CONVERSION = YES;
				GCC_WARN_ABOUT_RETURN_TYPE = YES_ERROR;
				GCC_WARN_UNDECLARED_SELECTOR = YES;
				GCC_WARN_UNINITIALIZED_AUTOS = YES_AGGRESSIVE;
				GCC_WARN_UNUSED_FUNCTION = YES;
				GCC_WARN_UNUSED_VARIABLE = YES;
				IPHONEOS_DEPLOYMENT_TARGET = 13.0;
				PRODUCT_NAME = "$(TARGET_NAME)";
				SDKROOT = iphoneos;
				SWIFT_COMPILATION_MODE = wholemodule;
				SWIFT_VERSION = 5.0;
				VALIDATE_PRODUCT = YES;
			};
			name = Release;
		};
		EF00A7ACAFD4CEA891C6B6C6 /* Debug */ = {
			isa = XCBuildConfiguration;
			buildSettings = {
				ASSETCATALOG_COMPILER_APPICON_NAME = AppIcon;
				CODE_SIGN_IDENTITY = "iPhone Developer";
				INFOPLIST_FILE = "PaginationExample/Supporting Files/Info.plist";
				LD_RUNPATH_SEARCH_PATHS = (
					"$(inherited)",
					"@executable_path/Frameworks",
				);
				PRODUCT_BUNDLE_IDENTIFIER = com.milkyo.PaginationExample;
				SDKROOT = iphoneos;
				SWIFT_VERSION = 5.2;
				TARGETED_DEVICE_FAMILY = "1,2";
			};
			name = Debug;
		};
		FB8DE94B1AB193A8210BFF4B /* Debug */ = {
			isa = XCBuildConfiguration;
			buildSettings = {
				ALWAYS_SEARCH_USER_PATHS = NO;
				CLANG_ANALYZER_NONNULL = YES;
				CLANG_ANALYZER_NUMBER_OBJECT_CONVERSION = YES_AGGRESSIVE;
				CLANG_CXX_LANGUAGE_STANDARD = "gnu++14";
				CLANG_CXX_LIBRARY = "libc++";
				CLANG_ENABLE_MODULES = YES;
				CLANG_ENABLE_OBJC_ARC = YES;
				CLANG_WARN_BLOCK_CAPTURE_AUTORELEASING = YES;
				CLANG_WARN_BOOL_CONVERSION = YES;
				CLANG_WARN_COMMA = YES;
				CLANG_WARN_CONSTANT_CONVERSION = YES;
				CLANG_WARN_DEPRECATED_OBJC_IMPLEMENTATIONS = YES;
				CLANG_WARN_DIRECT_OBJC_ISA_USAGE = YES_ERROR;
				CLANG_WARN_DOCUMENTATION_COMMENTS = YES;
				CLANG_WARN_EMPTY_BODY = YES;
				CLANG_WARN_ENUM_CONVERSION = YES;
				CLANG_WARN_INFINITE_RECURSION = YES;
				CLANG_WARN_INT_CONVERSION = YES;
				CLANG_WARN_NON_LITERAL_NULL_CONVERSION = YES;
				CLANG_WARN_OBJC_IMPLICIT_RETAIN_SELF = YES;
				CLANG_WARN_OBJC_LITERAL_CONVERSION = YES;
				CLANG_WARN_OBJC_ROOT_CLASS = YES_ERROR;
				CLANG_WARN_RANGE_LOOP_ANALYSIS = YES;
				CLANG_WARN_STRICT_PROTOTYPES = YES;
				CLANG_WARN_SUSPICIOUS_MOVE = YES;
				CLANG_WARN_UNGUARDED_AVAILABILITY = YES_AGGRESSIVE;
				CLANG_WARN_UNREACHABLE_CODE = YES;
				CLANG_WARN__DUPLICATE_METHOD_MATCH = YES;
				COPY_PHASE_STRIP = NO;
				DEBUG_INFORMATION_FORMAT = dwarf;
				ENABLE_STRICT_OBJC_MSGSEND = YES;
				ENABLE_TESTABILITY = YES;
				GCC_C_LANGUAGE_STANDARD = gnu11;
				GCC_DYNAMIC_NO_PIC = NO;
				GCC_NO_COMMON_BLOCKS = YES;
				GCC_OPTIMIZATION_LEVEL = 0;
				GCC_PREPROCESSOR_DEFINITIONS = (
					"$(inherited)",
					"DEBUG=1",
				);
				GCC_WARN_64_TO_32_BIT_CONVERSION = YES;
				GCC_WARN_ABOUT_RETURN_TYPE = YES_ERROR;
				GCC_WARN_UNDECLARED_SELECTOR = YES;
				GCC_WARN_UNINITIALIZED_AUTOS = YES_AGGRESSIVE;
				GCC_WARN_UNUSED_FUNCTION = YES;
				GCC_WARN_UNUSED_VARIABLE = YES;
				IPHONEOS_DEPLOYMENT_TARGET = 13.0;
				MTL_ENABLE_DEBUG_INFO = YES;
				ONLY_ACTIVE_ARCH = YES;
				PRODUCT_NAME = "$(TARGET_NAME)";
				SDKROOT = iphoneos;
				SWIFT_ACTIVE_COMPILATION_CONDITIONS = DEBUG;
				SWIFT_OPTIMIZATION_LEVEL = "-Onone";
				SWIFT_VERSION = 5.0;
			};
			name = Debug;
		};
/* End XCBuildConfiguration section */

/* Begin XCConfigurationList section */
		074CB77A5EA3F29CA751A551 /* Build configuration list for PBXNativeTarget "PaginationExample" */ = {
			isa = XCConfigurationList;
			buildConfigurations = (
				EF00A7ACAFD4CEA891C6B6C6 /* Debug */,
				2616C8242FADAF3BC3C18324 /* Release */,
			);
			defaultConfigurationIsVisible = 0;
			defaultConfigurationName = Debug;
		};
		B07C422652B7703FBFB259DA /* Build configuration list for PBXProject "PaginationExample" */ = {
			isa = XCConfigurationList;
			buildConfigurations = (
				FB8DE94B1AB193A8210BFF4B /* Debug */,
				91DC91EF4082F9462BFAAF78 /* Release */,
			);
			defaultConfigurationIsVisible = 0;
			defaultConfigurationName = Debug;
		};
/* End XCConfigurationList section */
	};
	rootObject = 45566F733B24556CE294A1BE /* Project object */;
}
